
Microsoft Visual Studio Solution File, Format Version 12.00
# Visual Studio 14
VisualStudioVersion = 14.0.25420.1
MinimumVisualStudioVersion = 10.0.40219.1
Project("{FAE04EC0-301F-11D3-BF4B-00C04F79EFBC}") = "SqlConnectionLeakTracker", "SqlConnectionLeakTracker\SqlConnectionLeakTracker.csproj", "{AB389562-3805-47BB-A625-B8FC88D9F6BA}"
EndProject
Project("{FAE04EC0-301F-11D3-BF4B-00C04F79EFBC}") = "TestApp", "TestApp\TestApp.csproj", "{4B414267-B16A-4970-8F79-CA16F916B972}"
EndProject
Global
	GlobalSection(SolutionConfigurationPlatforms) = preSolution
		Debug|Any CPU = Debug|Any CPU
		Debug|x64 = Debug|x64
		Release|Any CPU = Release|Any CPU
		Release|x64 = Release|x64
	EndGlobalSection
	GlobalSection(ProjectConfigurationPlatforms) = postSolution
		{AB389562-3805-47BB-A625-B8FC88D9F6BA}.Debug|Any CPU.ActiveCfg = Debug|Any CPU
		{AB389562-3805-47BB-A625-B8FC88D9F6BA}.Debug|Any CPU.Build.0 = Debug|Any CPU
		{AB389562-3805-47BB-A625-B8FC88D9F6BA}.Debug|x64.ActiveCfg = Debug|x64
		{AB389562-3805-47BB-A625-B8FC88D9F6BA}.Debug|x64.Build.0 = Debug|x64
		{AB389562-3805-47BB-A625-B8FC88D9F6BA}.Release|Any CPU.ActiveCfg = Release|Any CPU
		{AB389562-3805-47BB-A625-B8FC88D9F6BA}.Release|Any CPU.Build.0 = Release|Any CPU
		{AB389562-3805-47BB-A625-B8FC88D9F6BA}.Release|x64.ActiveCfg = Release|x64
		{AB389562-3805-47BB-A625-B8FC88D9F6BA}.Release|x64.Build.0 = Release|x64
		{4B414267-B16A-4970-8F79-CA16F916B972}.Debug|Any CPU.ActiveCfg = Debug|Any CPU
		{4B414267-B16A-4970-8F79-CA16F916B972}.Debug|Any CPU.Build.0 = Debug|Any CPU
		{4B414267-B16A-4970-8F79-CA16F916B972}.Debug|x64.ActiveCfg = Debug|x64
		{4B414267-B16A-4970-8F79-CA16F916B972}.Debug|x64.Build.0 = Debug|x64
		{4B414267-B16A-4970-8F79-CA16F916B972}.Release|Any CPU.ActiveCfg = Release|Any CPU
		{4B414267-B16A-4970-8F79-CA16F916B972}.Release|Any CPU.Build.0 = Release|Any CPU
		{4B414267-B16A-4970-8F79-CA16F916B972}.Release|x64.ActiveCfg = Release|x64
		{4B414267-B16A-4970-8F79-CA16F916B972}.Release|x64.Build.0 = Release|x64
	EndGlobalSection
	GlobalSection(SolutionProperties) = preSolution
		HideSolutionNode = FALSE
	EndGlobalSection
EndGlobal
